<?xml version="1.0" encoding="utf-8"?>
<Project ToolsVersion="4.0" xmlns="http://schemas.microsoft.com/developer/msbuild/2003">
  <ItemGroup>
    <Filter Include="win32">
      <UniqueIdentifier>{84a8ebd7-7cf0-47f6-b75e-d441df67da40}</UniqueIdentifier>
    </Filter>
    <Filter Include="resource">
      <UniqueIdentifier>{715254bc-d70b-4ec5-bf29-467dd3ace079}</UniqueIdentifier>
    </Filter>
    <Filter Include="src">
      <UniqueIdentifier>{bb6c862e-70e9-49d9-81b7-3829a6f50471}</UniqueIdentifier>
    </Filter>
    <Filter Include="src\Cocos2dx">
      <UniqueIdentifier>{1a1c9e56-9950-46ab-b4a6-fd2224422a09}</UniqueIdentifier>
    </Filter>
  </ItemGroup>
  <ItemGroup>
    <ClCompile Include="main.cpp">
      <Filter>win32</Filter>
    </ClCompile>
    <ClCompile Include="..\Classes\AppDelegate.cpp">
      <Filter>src</Filter>
    </ClCompile>
    <ClCompile Include="..\Classes\Ball.cpp">
      <Filter>src</Filter>
    </ClCompile>
    <ClCompile Include="..\Classes\Base.cpp">
      <Filter>src</Filter>
    </ClCompile>
    <ClCompile Include="..\Classes\BaseManager.cpp">
      <Filter>src</Filter>
    </ClCompile>
    <ClCompile Include="..\Classes\ControlLayer.cpp">
      <Filter>src</Filter>
    </ClCompile>
    <ClCompile Include="..\Classes\Cylinder.cpp">
      <Filter>src</Filter>
    </ClCompile>
    <ClCompile Include="..\Classes\EndLayer.cpp">
      <Filter>src</Filter>
    </ClCompile>
    <ClCompile Include="..\Classes\EndLeave.cpp">
      <Filter>src</Filter>
    </ClCompile>
    <ClCompile Include="..\Classes\EndNotLeave.cpp">
      <Filter>src</Filter>
    </ClCompile>
    <ClCompile Include="..\Classes\LeaveLayer.cpp">
      <Filter>src</Filter>
    </ClCompile>
    <ClCompile Include="..\Classes\MainScene.cpp">
      <Filter>src</Filter>
    </ClCompile>
    <ClCompile Include="..\Classes\PlayScene.cpp">
      <Filter>src</Filter>
    </ClCompile>
    <ClCompile Include="..\Classes\StoryLayer.cpp">
      <Filter>src</Filter>
    </ClCompile>
    <ClCompile Include="..\Classes\Cocos2dx\Common\CCUMSocialSDK.cpp">
      <Filter>src\Cocos2dx</Filter>
    </ClCompile>
    <ClCompile Include="..\Classes\Cocos2dx\ShareButton\UMShareButton.cpp">
      <Filter>src\Cocos2dx</Filter>
    </ClCompile>
  </ItemGroup>
  <ItemGroup>
    <ClInclude Include="main.h">
      <Filter>win32</Filter>
    </ClInclude>
    <ClInclude Include="..\Classes\AppDelegate.h">
      <Filter>src</Filter>
    </ClInclude>
    <ClInclude Include="..\Classes\Ball.h">
      <Filter>src</Filter>
    </ClInclude>
    <ClInclude Include="..\Classes\Base.h">
      <Filter>src</Filter>
    </ClInclude>
    <ClInclude Include="..\Classes\BaseManager.h">
      <Filter>src</Filter>
    </ClInclude>
    <ClInclude Include="..\Classes\Constants.h">
      <Filter>src</Filter>
    </ClInclude>
    <ClInclude Include="..\Classes\ControlLayer.h">
      <Filter>src</Filter>
    </ClInclude>
    <ClInclude Include="..\Classes\Cylinder.h">
      <Filter>src</Filter>
    </ClInclude>
    <ClInclude Include="..\Classes\EndLayer.h">
      <Filter>src</Filter>
    </ClInclude>
    <ClInclude Include="..\Classes\EndLeave.h">
      <Filter>src</Filter>
    </ClInclude>
    <ClInclude Include="..\Classes\EndNotLeave.h">
      <Filter>src</Filter>
    </ClInclude>
    <ClInclude Include="..\Classes\LeaveLayer.h">
      <Filter>src</Filter>
    </ClInclude>
    <ClInclude Include="..\Classes\MainScene.h">
      <Filter>src</Filter>
    </ClInclude>
    <ClInclude Include="..\Classes\PlayScene.h">
      <Filter>src</Filter>
    </ClInclude>
    <ClInclude Include="..\Classes\resource.h">
      <Filter>src</Filter>
    </ClInclude>
    <ClInclude Include="..\Classes\StoryLayer.h">
      <Filter>src</Filter>
    </ClInclude>
    <ClInclude Include="..\Classes\Cocos2dx\Common\CCUMSocialSDK.h">
      <Filter>src\Cocos2dx</Filter>
    </ClInclude>
    <ClInclude Include="..\Classes\Cocos2dx\Common\CCUMTypeDef.h">
      <Filter>src\Cocos2dx</Filter>
    </ClInclude>
    <ClInclude Include="..\Classes\Cocos2dx\ShareButton\UMShareButton.h">
      <Filter>src\Cocos2dx</Filter>
    </ClInclude>
  </ItemGroup>
  <ItemGroup>
    <ResourceCompile Include="game.rc">
      <Filter>resource</Filter>
    </ResourceCompile>
  </ItemGroup>
</Project>